
Microsoft Visual Studio Solution File, Format Version 12.00
# Visual Studio Version 17
VisualStudioVersion = 17.12.35527.113 d17.12
MinimumVisualStudioVersion = 10.0.40219.1
Project("{FAE04EC0-301F-11D3-BF4B-00C04F79EFBC}") = "tanituc.Server", "tanituc.Server\tanituc.Server.csproj", "{445DA793-B21B-42C1-B9BC-AF21FE771A4E}"
EndProject
Project("{54A90642-561A-4BB1-A94E-469ADEE60C69}") = "tanituc.client", "tanituc.client\tanituc.client.esproj", "{F05CA443-F5B6-4F4E-8838-16275BC71327}"
EndProject
Global
	GlobalSection(SolutionConfigurationPlatforms) = preSolution
		Debug|Any CPU = Debug|Any CPU
		Release|Any CPU = Release|Any CPU
	EndGlobalSection
	GlobalSection(ProjectConfigurationPlatforms) = postSolution
		{445DA793-B21B-42C1-B9BC-AF21FE771A4E}.Debug|Any CPU.ActiveCfg = Debug|Any CPU
		{445DA793-B21B-42C1-B9BC-AF21FE771A4E}.Debug|Any CPU.Build.0 = Debug|Any CPU
		{445DA793-B21B-42C1-B9BC-AF21FE771A4E}.Release|Any CPU.ActiveCfg = Release|Any CPU
		{445DA793-B21B-42C1-B9BC-AF21FE771A4E}.Release|Any CPU.Build.0 = Release|Any CPU
		{F05CA443-F5B6-4F4E-8838-16275BC71327}.Debug|Any CPU.ActiveCfg = Debug|Any CPU
		{F05CA443-F5B6-4F4E-8838-16275BC71327}.Debug|Any CPU.Build.0 = Debug|Any CPU
		{F05CA443-F5B6-4F4E-8838-16275BC71327}.Debug|Any CPU.Deploy.0 = Debug|Any CPU
		{F05CA443-F5B6-4F4E-8838-16275BC71327}.Release|Any CPU.ActiveCfg = Release|Any CPU
		{F05CA443-F5B6-4F4E-8838-16275BC71327}.Release|Any CPU.Build.0 = Release|Any CPU
		{F05CA443-F5B6-4F4E-8838-16275BC71327}.Release|Any CPU.Deploy.0 = Release|Any CPU
	EndGlobalSection
	GlobalSection(SolutionProperties) = preSolution
		HideSolutionNode = FALSE
	EndGlobalSection
EndGlobal
